
Microsoft Visual Studio Solution File, Format Version 12.00
# Visual Studio Version 17
VisualStudioVersion = 17.10.34928.147
MinimumVisualStudioVersion = 10.0.40219.1
Project("{FAE04EC0-301F-11D3-BF4B-00C04F79EFBC}") = "DeviceManagementSystem", "DeviceManagementSystem\DeviceManagementSystem.csproj", "{919BC65E-6BF8-4140-B623-0EE7C618AF29}"
EndProject
Global
	GlobalSection(SolutionConfigurationPlatforms) = preSolution
		Debug|Any CPU = Debug|Any CPU
		Release|Any CPU = Release|Any CPU
	EndGlobalSection
	GlobalSection(ProjectConfigurationPlatforms) = postSolution
		{919BC65E-6BF8-4140-B623-0EE7C618AF29}.Debug|Any CPU.ActiveCfg = Debug|Any CPU
		{919BC65E-6BF8-4140-B623-0EE7C618AF29}.Debug|Any CPU.Build.0 = Debug|Any CPU
		{919BC65E-6BF8-4140-B623-0EE7C618AF29}.Release|Any CPU.ActiveCfg = Release|Any CPU
		{919BC65E-6BF8-4140-B623-0EE7C618AF29}.Release|Any CPU.Build.0 = Release|Any CPU
	EndGlobalSection
	GlobalSection(SolutionProperties) = preSolution
		HideSolutionNode = FALSE
	EndGlobalSection
	GlobalSection(ExtensibilityGlobals) = postSolution
		SolutionGuid = {0C0B5C6E-25B0-4F36-9696-DF5EDB5B0EC6}
	EndGlobalSection
EndGlobal
